version = 1
revision = 3
requires-python = ">=3.14"

[[package]]
name = "cbor2"
version = "5.7.1"
source = { registry = "https://pypi.org/simple" }
sdist = { url = "https://files.pythonhosted.org/packages/a2/b8/c0f6a7d46f816cb18b1fda61a2fe648abe16039f1ff93ea720a6e9fb3cee/cbor2-5.7.1.tar.gz", hash = "sha256:7a405a1d7c8230ee9acf240aad48ae947ef584e8af05f169f3c1bde8f01f8b71", size = 102467, upload-time = "2025-10-24T09:23:06.569Z" }
wheels = [
    { url = "https://files.pythonhosted.org/packages/5f/f0/f220222a57371e33434ba7bdc25de31d611cbc0ade2a868e03c3553305e7/cbor2-5.7.1-cp314-cp314-macosx_10_13_x86_64.whl", hash = "sha256:e5826e4fa4c33661960073f99cf67c82783895524fb66f3ebdd635c19b5a7d68", size = 69002, upload-time = "2025-10-24T09:22:44.316Z" },
    { url = "https://files.pythonhosted.org/packages/c7/3c/34b62ba5173541659f248f005d13373530f02fb997b78fde00bf01ede4f4/cbor2-5.7.1-cp314-cp314-macosx_11_0_arm64.whl", hash = "sha256:f19a00d6ac9a77cb611073250b06bf4494b41ba78a1716704f7008e0927d9366", size = 69177, upload-time = "2025-10-24T09:22:45.711Z" },
    { url = "https://files.pythonhosted.org/packages/77/fd/2400d820d9733df00a5c18aa74201e51d710fb91588687eb594f4a7688ea/cbor2-5.7.1-cp314-cp314-manylinux2014_aarch64.manylinux_2_17_aarch64.manylinux_2_28_aarch64.whl", hash = "sha256:d2113aea044cd172f199da3520bc4401af69eae96c5180ca7eb660941928cb89", size = 284259, upload-time = "2025-10-24T09:22:46.749Z" },
    { url = "https://files.pythonhosted.org/packages/42/65/280488ef196c1d71ba123cd406ea47727bb3a0e057767a733d9793fcc428/cbor2-5.7.1-cp314-cp314-manylinux2014_x86_64.manylinux_2_17_x86_64.manylinux_2_28_x86_64.whl", hash = "sha256:6f17eacea2d28fecf28ac413c1d7927cde0a11957487d2630655d6b5c9c46a0b", size = 281958, upload-time = "2025-10-24T09:22:48.876Z" },
    { url = "https://files.pythonhosted.org/packages/42/82/bcdd3fdc73bd5f4194fdb08c808112010add9530bae1dcfdb1e2b2ceae19/cbor2-5.7.1-cp314-cp314-musllinux_1_2_aarch64.whl", hash = "sha256:d65deea39cae533a629561e7da672402c46731122b6129ed7c8eaa1efe04efce", size = 276025, upload-time = "2025-10-24T09:22:50.147Z" },
    { url = "https://files.pythonhosted.org/packages/ae/a8/a6065dd6a157b877d7d8f3fe96f410fb191a2db1e6588f4d20b5f9a507c2/cbor2-5.7.1-cp314-cp314-musllinux_1_2_x86_64.whl", hash = "sha256:57d8cc29ec1fd20500748e0e767ff88c13afcee839081ba4478c41fcda6ee18b", size = 275978, upload-time = "2025-10-24T09:22:51.873Z" },
    { url = "https://files.pythonhosted.org/packages/62/f4/37934045174af9e4253a340b43f07197af54002070cb80fae82d878f1f14/cbor2-5.7.1-cp314-cp314-win_amd64.whl", hash = "sha256:94fb939d0946f80c49ba45105ca3a3e13e598fc9abd63efc6661b02d4b4d2c50", size = 70269, upload-time = "2025-10-24T09:22:53.275Z" },
    { url = "https://files.pythonhosted.org/packages/0b/fd/933416643e7f5540ae818691fb23fa4189010c6efa39a12c4f59d825da28/cbor2-5.7.1-cp314-cp314-win_arm64.whl", hash = "sha256:4fd7225ac820bbb9f03bd16bc1a7efb6c4d1c451f22c0a153ff4ec46495c59c5", size = 66182, upload-time = "2025-10-24T09:22:54.697Z" },
    { url = "https://files.pythonhosted.org/packages/d5/7d/383bafeabb54c17fe5b6d5aca4e863e6b7df10bcc833b34aa169e9dfce1a/cbor2-5.7.1-py3-none-any.whl", hash = "sha256:68834e4eff2f56629ce6422b0634bc3f74c5a4269de5363f5265fe452c706ba7", size = 23829, upload-time = "2025-10-24T09:23:05.54Z" },
]

[[package]]
name = "iv"
version = "0.1.0"
source = { virtual = "." }
dependencies = [
    { name = "cbor2" },
    { name = "pyjwt" },
]

[package.metadata]
requires-dist = [
    { name = "cbor2", specifier = ">=5.7.1" },
    { name = "pyjwt", specifier = ">=2.10.1" },
]

[[package]]
name = "pyjwt"
version = "2.10.1"
source = { registry = "https://pypi.org/simple" }
sdist = { url = "https://files.pythonhosted.org/packages/e7/46/bd74733ff231675599650d3e47f361794b22ef3e3770998dda30d3b63726/pyjwt-2.10.1.tar.gz", hash = "sha256:3cc5772eb20009233caf06e9d8a0577824723b44e6648ee0a2aedb6cf9381953", size = 87785, upload-time = "2024-11-28T03:43:29.933Z" }
wheels = [
    { url = "https://files.pythonhosted.org/packages/61/ad/689f02752eeec26aed679477e80e632ef1b682313be70793d798c1d5fc8f/PyJWT-2.10.1-py3-none-any.whl", hash = "sha256:dcdd193e30abefd5debf142f9adfcdd2b58004e644f25406ffaebd50bd98dacb", size = 22997, upload-time = "2024-11-28T03:43:27.893Z" },
]
